
Microsoft Visual Studio Solution File, Format Version 12.00
# Visual Studio Version 16
VisualStudioVersion = 16.0.31320.298
MinimumVisualStudioVersion = 10.0.40219.1
Project("{888888A0-9F3D-457C-B088-3A5042F75D52}") = "JarvisPython", "JarvisPython\JarvisPython.pyproj", "{BC279FD3-3FB6-4175-93FB-F49C4E9DDF58}"
EndProject
Global
	GlobalSection(SolutionConfigurationPlatforms) = preSolution
		Debug|Any CPU = Debug|Any CPU
		Release|Any CPU = Release|Any CPU
	EndGlobalSection
	GlobalSection(ProjectConfigurationPlatforms) = postSolution
		{BC279FD3-3FB6-4175-93FB-F49C4E9DDF58}.Debug|Any CPU.ActiveCfg = Debug|Any CPU
		{BC279FD3-3FB6-4175-93FB-F49C4E9DDF58}.Release|Any CPU.ActiveCfg = Release|Any CPU
	EndGlobalSection
	GlobalSection(SolutionProperties) = preSolution
		HideSolutionNode = FALSE
	EndGlobalSection
	GlobalSection(ExtensibilityGlobals) = postSolution
		SolutionGuid = {B1B11B96-C81B-479E-92C0-E08420C33391}
	EndGlobalSection
EndGlobal
